{
  "requires": true,
  "lockfileVersion": 1,
  "dependencies": {
    "primeflex": {
      "version": "3.2.0",
      "resolved": "https://registry.npmjs.org/primeflex/-/primeflex-3.2.0.tgz",
      "integrity": "sha512-GjVNrp2k/MbO/vqs0wYUjsM6ejexymbGmtEzFpib5JEuwhL6HVJoxr3tmuAaL8RnOWNOPecVFauF2RqP2UXOhw=="
    },
    "primeicons": {
      "version": "5.0.0",
      "resolved": "https://registry.npmjs.org/primeicons/-/primeicons-5.0.0.tgz",
      "integrity": "sha512-heygWF0X5HFI1otlZE62pp6ye7sZ8om78J9au2BRkg8O7Y8AHTZ9qKMRzchZUHLe8zUAvdi6hZzzm9XxgwIExw=="
    }
  }
}
